%{
  "artificery": {:hex, :artificery, "0.4.3", "0bc4260f988dcb9dda4b23f9fc3c6c8b99a6220a331534fdf5bf2fd0d4333b02", [:mix], [], "hexpm", "12e95333a30e20884e937abdbefa3e7f5e05609c2ba8cf37b33f000b9ffc0504"},
  "distance": {:hex, :distance, "0.2.2", "76f7cd6b6e21b3c1430a0776d594955baafd9ebf1133f98f62cdbb180074215a", [:mix], [], "hexpm", "e02a4b25ad5c617acaeda1b3d5b4efbe3e010eb0f95a6dedff99f8a9dfafacf1"},
  "distillery": {:hex, :distillery, "2.1.1", "f9332afc2eec8a1a2b86f22429e068ef35f84a93ea1718265e740d90dd367814", [:mix], [{:artificery, "~> 0.2", [hex: :artificery, repo: "hexpm", optional: false]}], "hexpm", "bbc7008b0161a6f130d8d903b5b3232351fccc9c31a991f8fcbf2a12ace22995"},
  "erlang_term": {:hex, :erlang_term, "2.0.7", "8fc08465432667e1c8d00b75dafa42e97b053c2c44aaa140ac0915c160d78bd7", [:rebar3], [], "hexpm", "29b2b5cd47df681e42f0f11ad4680f2bb7db2f7b871b074dcf3fba75219be9f9"},
  "erlexec": {:hex, :erlexec, "2.2.1", "f9ec7197641f0b3a35fe2a7fd6dc1b84adfd5812ef80df730a5a698c54447d88", [:rebar3], [], "hexpm", "af712fe6f03eeffa1167f3c48b1217b01472119c77020dbe762950999360fc6c"},
  "exexec": {:hex, :exexec, "0.2.0", "a6ffc48cba3ac9420891b847e4dc7120692fb8c08c9e82220ebddc0bb8d96103", [:mix], [{:erlexec, "~> 1.10", [hex: :erlexec, repo: "hexpm", optional: false]}], "hexpm", "312cd1c9befba9e078e57f3541e4f4257eabda6eb9c348154fe899d6ac633299"},
  "jason": {:hex, :jason, "1.4.4", "b9226785a9aa77b6857ca22832cffa5d5011a667207eb2a0ad56adb5db443b8a", [:mix], [{:decimal, "~> 1.0 or ~> 2.0", [hex: :decimal, repo: "hexpm", optional: true]}], "hexpm", "c5eb0cab91f094599f94d55bc63409236a8ec69a21a67814529e8d5f6cc90b3b"},
  "redbug": {:hex, :redbug, "1.2.2", "366d8961770ddc7bb5d209fbadddfa7271005487f938c087a0e385a57abfee33", [:rebar3], [], "hexpm", "b5fe7b94e487be559cb0ec1c0e938c9761205d3e91a96bf263bdf1beaebea729"},
  "replbug": {:hex, :replbug, "0.1.5", "4e61d4922010d5566c6943e114fb888d116d14319337f39869151850c928c211", [:mix], [{:erlang_term, "~> 2.0", [hex: :erlang_term, repo: "hexpm", optional: false]}, {:rexbug, "~> 1.0", [hex: :rexbug, repo: "hexpm", optional: false]}], "hexpm", "96ba43baaa1b898493ef432cad1a3cfec2a07bc420ca46ce1e1415138223c1bf"},
  "rexbug": {:hex, :rexbug, "1.0.6", "024071c67d970151fbdc06f299faf8db3e1b2ac759a28623a9cc80a517fc74f2", [:mix], [{:mix_test_watch, ">= 0.5.0", [hex: :mix_test_watch, repo: "hexpm", optional: true]}, {:redbug, "~> 1.2", [hex: :redbug, repo: "hexpm", optional: false]}], "hexpm", "148ea724979413e9fd84ca3b4bb5d2d8b840ac481adfd645f5846fda409a642c"},
  "solverl": {:hex, :solverl, "1.1.0", "ed901cb1eeb99c19cb1f977afce9246dac2d28b860aff0d5e3b7f241acc0328a", [:mix], [{:distance, "~> 0.2.2", [hex: :distance, repo: "hexpm", optional: false]}, {:erlexec, "~> 2.0", [hex: :erlexec, repo: "hexpm", optional: false]}, {:jason, "~> 1.2", [hex: :jason, repo: "hexpm", optional: false]}], "hexpm", "27d7125986888807a161c2b22122493f6a32c8b5b98e03c907c3721d656d6262"},
}
